
Microsoft Visual Studio Solution File, Format Version 12.00
# Visual Studio Version 17
VisualStudioVersion = 17.0.32014.148
MinimumVisualStudioVersion = 10.0.40219.1
Project("{9A19103F-16F7-4668-BE54-9A1E7A4F7556}") = "Infrastructure", "Infrastructure\Infrastructure.csproj", "{4071C368-6BC9-4082-9BA0-27E5A813E6EC}"
EndProject
Project("{9A19103F-16F7-4668-BE54-9A1E7A4F7556}") = "ApplicationCore", "ApplicationCore\ApplicationCore.csproj", "{13476286-92A5-46B7-93A8-4BFE314509BE}"
EndProject
Project("{9A19103F-16F7-4668-BE54-9A1E7A4F7556}") = "AgbSchReactProject", "AgbSchReactProject\AgbSchReactProject.csproj", "{4AB4C87D-DBE2-48A4-827B-C6B4760575FC}"
EndProject
Global
	GlobalSection(SolutionConfigurationPlatforms) = preSolution
		Debug|Any CPU = Debug|Any CPU
		Release|Any CPU = Release|Any CPU
	EndGlobalSection
	GlobalSection(ProjectConfigurationPlatforms) = postSolution
		{4071C368-6BC9-4082-9BA0-27E5A813E6EC}.Debug|Any CPU.ActiveCfg = Debug|Any CPU
		{4071C368-6BC9-4082-9BA0-27E5A813E6EC}.Debug|Any CPU.Build.0 = Debug|Any CPU
		{4071C368-6BC9-4082-9BA0-27E5A813E6EC}.Release|Any CPU.ActiveCfg = Release|Any CPU
		{4071C368-6BC9-4082-9BA0-27E5A813E6EC}.Release|Any CPU.Build.0 = Release|Any CPU
		{13476286-92A5-46B7-93A8-4BFE314509BE}.Debug|Any CPU.ActiveCfg = Debug|Any CPU
		{13476286-92A5-46B7-93A8-4BFE314509BE}.Debug|Any CPU.Build.0 = Debug|Any CPU
		{13476286-92A5-46B7-93A8-4BFE314509BE}.Release|Any CPU.ActiveCfg = Release|Any CPU
		{13476286-92A5-46B7-93A8-4BFE314509BE}.Release|Any CPU.Build.0 = Release|Any CPU
		{4AB4C87D-DBE2-48A4-827B-C6B4760575FC}.Debug|Any CPU.ActiveCfg = Debug|Any CPU
		{4AB4C87D-DBE2-48A4-827B-C6B4760575FC}.Debug|Any CPU.Build.0 = Debug|Any CPU
		{4AB4C87D-DBE2-48A4-827B-C6B4760575FC}.Release|Any CPU.ActiveCfg = Release|Any CPU
		{4AB4C87D-DBE2-48A4-827B-C6B4760575FC}.Release|Any CPU.Build.0 = Release|Any CPU
	EndGlobalSection
	GlobalSection(SolutionProperties) = preSolution
		HideSolutionNode = FALSE
	EndGlobalSection
	GlobalSection(ExtensibilityGlobals) = postSolution
		SolutionGuid = {108A4737-2B60-4BC3-BA36-50D9C3D50627}
	EndGlobalSection
EndGlobal
